// !$*UTF8*$!
{
	archiveVersion = 1;
	classes = {
	};
	objectVersion = 46;
	objects = {

/* Begin PBXBuildFile section */
		0A6A24511E63F9990008A82B /* AppDelegate.swift in Sources */ = {isa = PBXBuildFile; fileRef = 0A6A24501E63F9990008A82B /* AppDelegate.swift */; };
		0A6A24531E63F9990008A82B /* ViewController.swift in Sources */ = {isa = PBXBuildFile; fileRef = 0A6A24521E63F9990008A82B /* ViewController.swift */; };
		0A6A24561E63F9990008A82B /* Main.storyboard in Resources */ = {isa = PBXBuildFile; fileRef = 0A6A24541E63F9990008A82B /* Main.storyboard */; };
		0A6A24581E63F9990008A82B /* Assets.xcassets in Resources */ = {isa = PBXBuildFile; fileRef = 0A6A24571E63F9990008A82B /* Assets.xcassets */; };
		0A6A245B1E63F9990008A82B /* LaunchScreen.storyboard in Resources */ = {isa = PBXBuildFile; fileRef = 0A6A24591E63F9990008A82B /* LaunchScreen.storyboard */; };
		0A6A24651E63FA030008A82B /* IntroPageViewController.swift in Sources */ = {isa = PBXBuildFile; fileRef = 0A6A24631E63FA030008A82B /* IntroPageViewController.swift */; };
		0A6A24661E63FA030008A82B /* IntroViewController.swift in Sources */ = {isa = PBXBuildFile; fileRef = 0A6A24641E63FA030008A82B /* IntroViewController.swift */; };
/* End PBXBuildFile section */

/* Begin PBXFileReference section */
		0A6A244D1E63F9990008A82B /* SwiftPageViewController.app */ = {isa = PBXFileReference; explicitFileType = wrapper.application; includeInIndex = 0; path = SwiftPageViewController.app; sourceTree = BUILT_PRODUCTS_DIR; };
		0A6A24501E63F9990008A82B /* AppDelegate.swift */ = {isa = PBXFileReference; lastKnownFileType = sourcecode.swift; path = AppDelegate.swift; sourceTree = "<group>"; };
		0A6A24521E63F9990008A82B /* ViewController.swift */ = {isa = PBXFileReference; lastKnownFileType = sourcecode.swift; path = ViewController.swift; sourceTree = "<group>"; };
		0A6A24551E63F9990008A82B /* Base */ = {isa = PBXFileReference; lastKnownFileType = file.storyboard; name = Base; path = Base.lproj/Main.storyboard; sourceTree = "<group>"; };
		0A6A24571E63F9990008A82B /* Assets.xcassets */ = {isa = PBXFileReference; lastKnownFileType = folder.assetcatalog; path = Assets.xcassets; sourceTree = "<group>"; };
		0A6A245A1E63F9990008A82B /* Base */ = {isa = PBXFileReference; lastKnownFileType = file.storyboard; name = Base; path = Base.lproj/LaunchScreen.storyboard; sourceTree = "<group>"; };
		0A6A245C1E63F9990008A82B /* Info.plist */ = {isa = PBXFileReference; lastKnownFileType = text.plist.xml; path = Info.plist; sourceTree = "<group>"; };
		0A6A24631E63FA030008A82B /* IntroPageViewController.swift */ = {isa = PBXFileReference; fileEncoding = 4; lastKnownFileType = sourcecode.swift; path = IntroPageViewController.swift; sourceTree = "<group>"; };
		0A6A24641E63FA030008A82B /* IntroViewController.swift */ = {isa = PBXFileReference; fileEncoding = 4; lastKnownFileType = sourcecode.swift; path = IntroViewController.swift; sourceTree = "<group>"; };
/* End PBXFileReference section */

/* Begin PBXFrameworksBuildPhase section */
		0A6A244A1E63F9990008A82B /* Frameworks */ = {
			isa = PBXFrameworksBuildPhase;
			buildActionMask = 2147483647;
			files = (
			);
			runOnlyForDeploymentPostprocessing = 0;
		};
/* End PBXFrameworksBuildPhase section */

/* Begin PBXGroup section */
		0A6A24441E63F9990008A82B = {
			isa = PBXGroup;
			children = (
				0A6A244F1E63F9990008A82B /* SwiftPageViewController */,
				0A6A244E1E63F9990008A82B /* Products */,
			);
			sourceTree = "<group>";
		};
		0A6A244E1E63F9990008A82B /* Products */ = {
			isa = PBXGroup;
			children = (
				0A6A244D1E63F9990008A82B /* SwiftPageViewController.app */,
			);
			name = Products;
			sourceTree = "<group>";
		};
		0A6A244F1E63F9990008A82B /* SwiftPageViewController */ = {
			isa = PBXGroup;
			children = (
				0A6A24621E63F9E50008A82B /* Classes */,
				0A6A24501E63F9990008A82B /* AppDelegate.swift */,
				0A6A24521E63F9990008A82B /* ViewController.swift */,
				0A6A24541E63F9990008A82B /* Main.storyboard */,
				0A6A24571E63F9990008A82B /* Assets.xcassets */,
				0A6A24591E63F9990008A82B /* LaunchScreen.storyboard */,
				0A6A245C1E63F9990008A82B /* Info.plist */,
			);
			path = SwiftPageViewController;
			sourceTree = "<group>";
		};
		0A6A24621E63F9E50008A82B /* Classes */ = {
			isa = PBXGroup;
			children = (
				0A6A24631E63FA030008A82B /* IntroPageViewController.swift */,
				0A6A24641E63FA030008A82B /* IntroViewController.swift */,
			);
			name = Classes;
			sourceTree = "<group>";
		};
/* End PBXGroup section */

/* Begin PBXNativeTarget section */
		0A6A244C1E63F9990008A82B /* SwiftPageViewController */ = {
			isa = PBXNativeTarget;
			buildConfigurationList = 0A6A245F1E63F9990008A82B /* Build configuration list for PBXNativeTarget "SwiftPageViewController" */;
			buildPhases = (
				0A6A24491E63F9990008A82B /* Sources */,
				0A6A244A1E63F9990008A82B /* Frameworks */,
				0A6A244B1E63F9990008A82B /* Resources */,
			);
			buildRules = (
			);
			dependencies = (
			);
			name = SwiftPageViewController;
			productName = SwiftPageViewController;
			productReference = 0A6A244D1E63F9990008A82B /* SwiftPageViewController.app */;
			productType = "com.apple.product-type.application";
		};
/* End PBXNativeTarget section */

/* Begin PBXProject section */
		0A6A24451E63F9990008A82B /* Project object */ = {
			isa = PBXProject;
			attributes = {
				LastSwiftUpdateCheck = 0820;
				LastUpgradeCheck = 0820;
				ORGANIZATIONNAME = warumono;
				TargetAttributes = {
					0A6A244C1E63F9990008A82B = {
						CreatedOnToolsVersion = 8.2.1;
						ProvisioningStyle = Automatic;
					};
				};
			};
			buildConfigurationList = 0A6A24481E63F9990008A82B /* Build configuration list for PBXProject "SwiftPageViewController" */;
			compatibilityVersion = "Xcode 3.2";
			developmentRegion = English;
			hasScannedForEncodings = 0;
			knownRegions = (
				en,
				Base,
			);
			mainGroup = 0A6A24441E63F9990008A82B;
			productRefGroup = 0A6A244E1E63F9990008A82B /* Products */;
			projectDirPath = "";
			projectRoot = "";
			targets = (
				0A6A244C1E63F9990008A82B /* SwiftPageViewController */,
			);
		};
/* End PBXProject section */

/* Begin PBXResourcesBuildPhase section */
		0A6A244B1E63F9990008A82B /* Resources */ = {
			isa = PBXResourcesBuildPhase;
			buildActionMask = 2147483647;
			files = (
				0A6A245B1E63F9990008A82B /* LaunchScreen.storyboard in Resources */,
				0A6A24581E63F9990008A82B /* Assets.xcassets in Resources */,
				0A6A24561E63F9990008A82B /* Main.storyboard in Resources */,
			);
			runOnlyForDeploymentPostprocessing = 0;
		};
/* End PBXResourcesBuildPhase section */

/* Begin PBXSourcesBuildPhase section */
		0A6A24491E63F9990008A82B /* Sources */ = {
			isa = PBXSourcesBuildPhase;
			buildActionMask = 2147483647;
			files = (
				0A6A24531E63F9990008A82B /* ViewController.swift in Sources */,
				0A6A24651E63FA030008A82B /* IntroPageViewController.swift in Sources */,
				0A6A24511E63F9990008A82B /* AppDelegate.swift in Sources */,
				0A6A24661E63FA030008A82B /* IntroViewController.swift in Sources */,
			);
			runOnlyForDeploymentPostprocessing = 0;
		};
/* End PBXSourcesBuildPhase section */

/* Begin PBXVariantGroup section */
		0A6A24541E63F9990008A82B /* Main.storyboard */ = {
			isa = PBXVariantGroup;
			children = (
				0A6A24551E63F9990008A82B /* Base */,
			);
			name = Main.storyboard;
			sourceTree = "<group>";
		};
		0A6A24591E63F9990008A82B /* LaunchScreen.storyboard */ = {
			isa = PBXVariantGroup;
			children = (
				0A6A245A1E63F9990008A82B /* Base */,
			);
			name = LaunchScreen.storyboard;
			sourceTree = "<group>";
		};
/* End PBXVariantGroup section */

/* Begin XCBuildConfiguration section */
		0A6A245D1E63F9990008A82B /* Debug */ = {
			isa = XCBuildConfiguration;
			buildSettings = {
				ALWAYS_SEARCH_USER_PATHS = NO;
				CLANG_ANALYZER_NONNULL = YES;
				CLANG_CXX_LANGUAGE_STANDARD = "gnu++0x";
				CLANG_CXX_LIBRARY = "libc++";
				CLANG_ENABLE_MODULES = YES;
				CLANG_ENABLE_OBJC_ARC = YES;
				CLANG_WARN_BOOL_CONVERSION = YES;
				CLANG_WARN_CONSTANT_CONVERSION = YES;
				CLANG_WARN_DIRECT_OBJC_ISA_USAGE = YES_ERROR;
				CLANG_WARN_DOCUMENTATION_COMMENTS = YES;
				CLANG_WARN_EMPTY_BODY = YES;
				CLANG_WARN_ENUM_CONVERSION = YES;
				CLANG_WARN_INFINITE_RECURSION = YES;
				CLANG_WARN_INT_CONVERSION = YES;
				CLANG_WARN_OBJC_ROOT_CLASS = YES_ERROR;
				CLANG_WARN_SUSPICIOUS_MOVE = YES;
				CLANG_WARN_UNREACHABLE_CODE = YES;
				CLANG_WARN__DUPLICATE_METHOD_MATCH = YES;
				"CODE_SIGN_IDENTITY[sdk=iphoneos*]" = "iPhone Developer";
				COPY_PHASE_STRIP = NO;
				DEBUG_INFORMATION_FORMAT = dwarf;
				ENABLE_STRICT_OBJC_MSGSEND = YES;
				ENABLE_TESTABILITY = YES;
				GCC_C_LANGUAGE_STANDARD = gnu99;
				GCC_DYNAMIC_NO_PIC = NO;
				GCC_NO_COMMON_BLOCKS = YES;
				GCC_OPTIMIZATION_LEVEL = 0;
				GCC_PREPROCESSOR_DEFINITIONS = (
					"DEBUG=1",
					"$(inherited)",
				);
				GCC_WARN_64_TO_32_BIT_CONVERSION = YES;
				GCC_WARN_ABOUT_RETURN_TYPE = YES_ERROR;
				GCC_WARN_UNDECLARED_SELECTOR = YES;
				GCC_WARN_UNINITIALIZED_AUTOS = YES_AGGRESSIVE;
				GCC_WARN_UNUSED_FUNCTION = YES;
				GCC_WARN_UNUSED_VARIABLE = YES;
				IPHONEOS_DEPLOYMENT_TARGET = 10.2;
				MTL_ENABLE_DEBUG_INFO = YES;
				ONLY_ACTIVE_ARCH = YES;
				SDKROOT = iphoneos;
				SWIFT_ACTIVE_COMPILATION_CONDITIONS = DEBUG;
				SWIFT_OPTIMIZATION_LEVEL = "-Onone";
			};
			name = Debug;
		};
		0A6A245E1E63F9990008A82B /* Release */ = {
			isa = XCBuildConfiguration;
			buildSettings = {
				ALWAYS_SEARCH_USER_PATHS = NO;
				CLANG_ANALYZER_NONNULL = YES;
				CLANG_CXX_LANGUAGE_STANDARD = "gnu++0x";
				CLANG_CXX_LIBRARY = "libc++";
				CLANG_ENABLE_MODULES = YES;
				CLANG_ENABLE_OBJC_ARC = YES;
				CLANG_WARN_BOOL_CONVERSION = YES;
				CLANG_WARN_CONSTANT_CONVERSION = YES;
				CLANG_WARN_DIRECT_OBJC_ISA_USAGE = YES_ERROR;
				CLANG_WARN_DOCUMENTATION_COMMENTS = YES;
				CLANG_WARN_EMPTY_BODY = YES;
				CLANG_WARN_ENUM_CONVERSION = YES;
				CLANG_WARN_INFINITE_RECURSION = YES;
				CLANG_WARN_INT_CONVERSION = YES;
				CLANG_WARN_OBJC_ROOT_CLASS = YES_ERROR;
				CLANG_WARN_SUSPICIOUS_MOVE = YES;
				CLANG_WARN_UNREACHABLE_CODE = YES;
				CLANG_WARN__DUPLICATE_METHOD_MATCH = YES;
				"CODE_SIGN_IDENTITY[sdk=iphoneos*]" = "iPhone Developer";
				COPY_PHASE_STRIP = NO;
				DEBUG_INFORMATION_FORMAT = "dwarf-with-dsym";
				ENABLE_NS_ASSERTIONS = NO;
				ENABLE_STRICT_OBJC_MSGSEND = YES;
				GCC_C_LANGUAGE_STANDARD = gnu99;
				GCC_NO_COMMON_BLOCKS = YES;
				GCC_WARN_64_TO_32_BIT_CONVERSION = YES;
				GCC_WARN_ABOUT_RETURN_TYPE = YES_ERROR;
				GCC_WARN_UNDECLARED_SELECTOR = YES;
				GCC_WARN_UNINITIALIZED_AUTOS = YES_AGGRESSIVE;
				GCC_WARN_UNUSED_FUNCTION = YES;
				GCC_WARN_UNUSED_VARIABLE = YES;
				IPHONEOS_DEPLOYMENT_TARGET = 10.2;
				MTL_ENABLE_DEBUG_INFO = NO;
				SDKROOT = iphoneos;
				SWIFT_OPTIMIZATION_LEVEL = "-Owholemodule";
				VALIDATE_PRODUCT = YES;
			};
			name = Release;
		};
		0A6A24601E63F9990008A82B /* Debug */ = {
			isa = XCBuildConfiguration;
			buildSettings = {
				ASSETCATALOG_COMPILER_APPICON_NAME = AppIcon;
				INFOPLIST_FILE = SwiftPageViewController/Info.plist;
				LD_RUNPATH_SEARCH_PATHS = "$(inherited) @executable_path/Frameworks";
				PRODUCT_BUNDLE_IDENTIFIER = com.warumono.SwiftPageViewController;
				PRODUCT_NAME = "$(TARGET_NAME)";
				SWIFT_VERSION = 3.0;
			};
			name = Debug;
		};
		0A6A24611E63F9990008A82B /* Release */ = {
			isa = XCBuildConfiguration;
			buildSettings = {
				ASSETCATALOG_COMPILER_APPICON_NAME = AppIcon;
				INFOPLIST_FILE = SwiftPageViewController/Info.plist;
				LD_RUNPATH_SEARCH_PATHS = "$(inherited) @executable_path/Frameworks";
				PRODUCT_BUNDLE_IDENTIFIER = com.warumono.SwiftPageViewController;
				PRODUCT_NAME = "$(TARGET_NAME)";
				SWIFT_VERSION = 3.0;
			};
			name = Release;
		};
/* End XCBuildConfiguration section */

/* Begin XCConfigurationList section */
		0A6A24481E63F9990008A82B /* Build configuration list for PBXProject "SwiftPageViewController" */ = {
			isa = XCConfigurationList;
			buildConfigurations = (
				0A6A245D1E63F9990008A82B /* Debug */,
				0A6A245E1E63F9990008A82B /* Release */,
			);
			defaultConfigurationIsVisible = 0;
			defaultConfigurationName = Release;
		};
		0A6A245F1E63F9990008A82B /* Build configuration list for PBXNativeTarget "SwiftPageViewController" */ = {
			isa = XCConfigurationList;
			buildConfigurations = (
				0A6A24601E63F9990008A82B /* Debug */,
				0A6A24611E63F9990008A82B /* Release */,
			);
			defaultConfigurationIsVisible = 0;
		};
/* End XCConfigurationList section */
	};
	rootObject = 0A6A24451E63F9990008A82B /* Project object */;
}
